
Microsoft Visual Studio Solution File, Format Version 12.00
# Visual Studio Version 17
VisualStudioVersion = 17.9.34616.47
MinimumVisualStudioVersion = 10.0.40219.1
Project("{FAE04EC0-301F-11D3-BF4B-00C04F79EFBC}") = "TPMOD12_1302223138", "TPMOD12_1302223138\TPMOD12_1302223138.csproj", "{8736F323-0ABE-44AD-8148-42276F45EAB4}"
EndProject
Project("{FAE04EC0-301F-11D3-BF4B-00C04F79EFBC}") = "UnitTestProject1", "UnitTestProject1\UnitTestProject1.csproj", "{F08D69AF-B066-486C-97F2-5A2272C1CD66}"
EndProject
Global
	GlobalSection(SolutionConfigurationPlatforms) = preSolution
		Debug|Any CPU = Debug|Any CPU
		Release|Any CPU = Release|Any CPU
	EndGlobalSection
	GlobalSection(ProjectConfigurationPlatforms) = postSolution
		{8736F323-0ABE-44AD-8148-42276F45EAB4}.Debug|Any CPU.ActiveCfg = Debug|Any CPU
		{8736F323-0ABE-44AD-8148-42276F45EAB4}.Debug|Any CPU.Build.0 = Debug|Any CPU
		{8736F323-0ABE-44AD-8148-42276F45EAB4}.Release|Any CPU.ActiveCfg = Release|Any CPU
		{8736F323-0ABE-44AD-8148-42276F45EAB4}.Release|Any CPU.Build.0 = Release|Any CPU
		{F08D69AF-B066-486C-97F2-5A2272C1CD66}.Debug|Any CPU.ActiveCfg = Debug|Any CPU
		{F08D69AF-B066-486C-97F2-5A2272C1CD66}.Debug|Any CPU.Build.0 = Debug|Any CPU
		{F08D69AF-B066-486C-97F2-5A2272C1CD66}.Release|Any CPU.ActiveCfg = Release|Any CPU
		{F08D69AF-B066-486C-97F2-5A2272C1CD66}.Release|Any CPU.Build.0 = Release|Any CPU
	EndGlobalSection
	GlobalSection(SolutionProperties) = preSolution
		HideSolutionNode = FALSE
	EndGlobalSection
	GlobalSection(ExtensibilityGlobals) = postSolution
		SolutionGuid = {602C9E86-34F7-44B3-85C6-9699F1CF7976}
	EndGlobalSection
EndGlobal
